
Microsoft Visual Studio Solution File, Format Version 12.00
# Visual Studio Version 17
VisualStudioVersion = 17.7.34031.279
MinimumVisualStudioVersion = 10.0.40219.1
Project("{9A19103F-16F7-4668-BE54-9A1E7A4F7556}") = "CancelFlowRuns", "CancelFlowRuns.csproj", "{D639BBD6-AE88-461B-9D7B-8DA78CBB1386}"
EndProject
Global
	GlobalSection(SolutionConfigurationPlatforms) = preSolution
		Debug|Any CPU = Debug|Any CPU
		Release|Any CPU = Release|Any CPU
	EndGlobalSection
	GlobalSection(ProjectConfigurationPlatforms) = postSolution
		{D639BBD6-AE88-461B-9D7B-8DA78CBB1386}.Debug|Any CPU.ActiveCfg = Debug|Any CPU
		{D639BBD6-AE88-461B-9D7B-8DA78CBB1386}.Debug|Any CPU.Build.0 = Debug|Any CPU
		{D639BBD6-AE88-461B-9D7B-8DA78CBB1386}.Release|Any CPU.ActiveCfg = Release|Any CPU
		{D639BBD6-AE88-461B-9D7B-8DA78CBB1386}.Release|Any CPU.Build.0 = Release|Any CPU
	EndGlobalSection
	GlobalSection(SolutionProperties) = preSolution
		HideSolutionNode = FALSE
	EndGlobalSection
	GlobalSection(ExtensibilityGlobals) = postSolution
		SolutionGuid = {267EA86C-3BFF-4D9D-90D0-85D692487DAC}
	EndGlobalSection
EndGlobal
